#MicroXplorer Configuration settings - do not modify
ADC.Channel-0\#ChannelRegularConversion=ADC_CHANNEL_0
ADC.Channel-1\#ChannelRegularConversion=ADC_CHANNEL_TEMPSENSOR
ADC.Channel-2\#ChannelRegularConversion=ADC_CHANNEL_VREFINT
ADC.ContinuousConvMode=ENABLE
ADC.DMAContinuousRequests=ENABLE
ADC.EnableRegularConversion=ENABLE
ADC.IPParameters=NbrOfConversion,SelectedChannel,SamplingTimeCommon1,SamplingTimeCommon2,EnableRegularConversion,Rank-0\#ChannelRegularConversion,Channel-0\#ChannelRegularConversion,SamplingTime-0\#ChannelRegularConversion,NbrOfConversionFlag,Rank-1\#ChannelRegularConversion,Channel-1\#ChannelRegularConversion,SamplingTime-1\#ChannelRegularConversion,Rank-2\#ChannelRegularConversion,Channel-2\#ChannelRegularConversion,SamplingTime-2\#ChannelRegularConversion,DMAContinuousRequests,Overrun,ContinuousConvMode
ADC.NbrOfConversion=3
ADC.NbrOfConversionFlag=1
ADC.Overrun=ADC_OVR_DATA_OVERWRITTEN
ADC.Rank-0\#ChannelRegularConversion=1
ADC.Rank-1\#ChannelRegularConversion=2
ADC.Rank-2\#ChannelRegularConversion=3
ADC.SamplingTime-0\#ChannelRegularConversion=ADC_SAMPLINGTIME_COMMON_1
ADC.SamplingTime-1\#ChannelRegularConversion=ADC_SAMPLINGTIME_COMMON_1
ADC.SamplingTime-2\#ChannelRegularConversion=ADC_SAMPLINGTIME_COMMON_1
ADC.SamplingTimeCommon1=ADC_SAMPLETIME_160CYCLES_5
ADC.SamplingTimeCommon2=ADC_SAMPLETIME_160CYCLES_5
ADC.SelectedChannel=ADC_CHANNEL_0|ADC_CHANNEL_TEMPSENSOR|ADC_CHANNEL_VREFINT
CAD.formats=
CAD.pinconfig=
CAD.provider=
Dma.ADC.2.Direction=DMA_PERIPH_TO_MEMORY
Dma.ADC.2.EventEnable=DISABLE
Dma.ADC.2.Instance=DMA1_Channel3
Dma.ADC.2.MemDataAlignment=DMA_MDATAALIGN_HALFWORD
Dma.ADC.2.MemInc=DMA_MINC_ENABLE
Dma.ADC.2.Mode=DMA_CIRCULAR
Dma.ADC.2.PeriphDataAlignment=DMA_PDATAALIGN_HALFWORD
Dma.ADC.2.PeriphInc=DMA_PINC_DISABLE
Dma.ADC.2.Polarity=HAL_DMAMUX_REQ_GEN_RISING
Dma.ADC.2.Priority=DMA_PRIORITY_LOW
Dma.ADC.2.RequestNumber=1
Dma.ADC.2.RequestParameters=Instance,Direction,PeriphInc,MemInc,PeriphDataAlignment,MemDataAlignment,Mode,Priority,SignalID,Polarity,RequestNumber,SyncSignalID,SyncPolarity,SyncEnable,EventEnable,SyncRequestNumber
Dma.ADC.2.SignalID=NONE
Dma.ADC.2.SyncEnable=DISABLE
Dma.ADC.2.SyncPolarity=HAL_DMAMUX_SYNC_NO_EVENT
Dma.ADC.2.SyncRequestNumber=1
Dma.ADC.2.SyncSignalID=NONE
Dma.Request0=USART1_TX
Dma.Request1=USART1_RX
Dma.Request2=ADC
Dma.RequestsNb=3
Dma.USART1_RX.1.Direction=DMA_PERIPH_TO_MEMORY
Dma.USART1_RX.1.EventEnable=DISABLE
Dma.USART1_RX.1.Instance=DMA1_Channel2
Dma.USART1_RX.1.MemDataAlignment=DMA_MDATAALIGN_BYTE
Dma.USART1_RX.1.MemInc=DMA_MINC_ENABLE
Dma.USART1_RX.1.Mode=DMA_NORMAL
Dma.USART1_RX.1.PeriphDataAlignment=DMA_PDATAALIGN_BYTE
Dma.USART1_RX.1.PeriphInc=DMA_PINC_DISABLE
Dma.USART1_RX.1.Polarity=HAL_DMAMUX_REQ_GEN_RISING
Dma.USART1_RX.1.Priority=DMA_PRIORITY_LOW
Dma.USART1_RX.1.RequestNumber=1
Dma.USART1_RX.1.RequestParameters=Instance,Direction,PeriphInc,MemInc,PeriphDataAlignment,MemDataAlignment,Mode,Priority,SignalID,Polarity,RequestNumber,SyncSignalID,SyncPolarity,SyncEnable,EventEnable,SyncRequestNumber
Dma.USART1_RX.1.SignalID=NONE
Dma.USART1_RX.1.SyncEnable=DISABLE
Dma.USART1_RX.1.SyncPolarity=HAL_DMAMUX_SYNC_NO_EVENT
Dma.USART1_RX.1.SyncRequestNumber=1
Dma.USART1_RX.1.SyncSignalID=NONE
Dma.USART1_TX.0.Direction=DMA_MEMORY_TO_PERIPH
Dma.USART1_TX.0.EventEnable=DISABLE
Dma.USART1_TX.0.Instance=DMA1_Channel1
Dma.USART1_TX.0.MemDataAlignment=DMA_MDATAALIGN_BYTE
Dma.USART1_TX.0.MemInc=DMA_MINC_ENABLE
Dma.USART1_TX.0.Mode=DMA_NORMAL
Dma.USART1_TX.0.PeriphDataAlignment=DMA_PDATAALIGN_BYTE
Dma.USART1_TX.0.PeriphInc=DMA_PINC_DISABLE
Dma.USART1_TX.0.Polarity=HAL_DMAMUX_REQ_GEN_RISING
Dma.USART1_TX.0.Priority=DMA_PRIORITY_LOW
Dma.USART1_TX.0.RequestNumber=1
Dma.USART1_TX.0.RequestParameters=Instance,Direction,PeriphInc,MemInc,PeriphDataAlignment,MemDataAlignment,Mode,Priority,SignalID,Polarity,RequestNumber,SyncSignalID,SyncPolarity,SyncEnable,EventEnable,SyncRequestNumber
Dma.USART1_TX.0.SignalID=NONE
Dma.USART1_TX.0.SyncEnable=DISABLE
Dma.USART1_TX.0.SyncPolarity=HAL_DMAMUX_SYNC_NO_EVENT
Dma.USART1_TX.0.SyncRequestNumber=1
Dma.USART1_TX.0.SyncSignalID=NONE
File.Version=6
GPIO.groupedBy=Show All
I2C2.Analog_Filter=I2C_ANALOGFILTER_ENABLE
I2C2.I2C_Speed_Mode=I2C_Fast
I2C2.IPParameters=Analog_Filter,I2C_Speed_Mode,Timing
I2C2.Timing=0x00000004
KeepUserPlacement=false
LORAWAN.ACTIVE_REGION=LORAMAC_REGION_US915
LORAWAN.Activate_DEBUG_LINE=true
LORAWAN.IPParameters=SUBGHZ_APPLICATION,Activate_DEBUG_LINE,ACTIVE_REGION
LORAWAN.SUBGHZ_APPLICATION=LORA_END_NODE
Mcu.CPN=STM32WLE5JCI6
Mcu.Family=STM32WL
Mcu.IP0=ADC
Mcu.IP1=ADV_TRACE
Mcu.IP10=SEQUENCER
Mcu.IP11=SUBGHZ
Mcu.IP12=SYS
Mcu.IP13=TIM1
Mcu.IP14=TIMER
Mcu.IP15=TINY_LPM
Mcu.IP16=USART1
Mcu.IP17=USART2
Mcu.IP2=DEBUG
Mcu.IP3=DMA
Mcu.IP4=I2C2
Mcu.IP5=LORAWAN
Mcu.IP6=MISC
Mcu.IP7=NVIC
Mcu.IP8=RCC
Mcu.IP9=RTC
Mcu.IPNb=18
Mcu.Name=STM32WLE5JCIx
Mcu.Package=UFBGA73
Mcu.Pin0=PA14
Mcu.Pin1=PA15
Mcu.Pin10=PB13
Mcu.Pin11=PB6
Mcu.Pin12=PC5
Mcu.Pin13=PA9
Mcu.Pin14=PC1
Mcu.Pin15=PC0
Mcu.Pin16=PC4
Mcu.Pin17=PB0-VDD_TCXO
Mcu.Pin18=OSC_IN
Mcu.Pin19=PA3
Mcu.Pin2=PB15
Mcu.Pin20=PA2
Mcu.Pin21=PB10
Mcu.Pin22=VP_ADC_TempSens_Input
Mcu.Pin23=VP_ADC_Vref_Input
Mcu.Pin24=VP_ADV_TRACE_VS_ADV_TRACE
Mcu.Pin25=VP_LORAWAN_VS_LoRaWAN
Mcu.Pin26=VP_MISC_VS_MISC
Mcu.Pin27=VP_RTC_VS_RTC_Activate
Mcu.Pin28=VP_RTC_VS_RTC_Calendar
Mcu.Pin29=VP_RTC_VS_RTC_Alarm_A_Intern
Mcu.Pin3=PC14-OSC32_IN
Mcu.Pin30=VP_SEQUENCER_VS_SEQUENCER
Mcu.Pin31=VP_SUBGHZ_VS_SUBGHZ
Mcu.Pin32=VP_SYS_VS_Systick
Mcu.Pin33=VP_TIM1_VS_ClockSourceINT
Mcu.Pin34=VP_TIM1_VS_no_output1
Mcu.Pin35=VP_TIM1_VS_OPM
Mcu.Pin36=VP_TIMER_VS_TIMER
Mcu.Pin37=VP_TINY_LPM_VS_TINY_LPM
Mcu.Pin4=PA13
Mcu.Pin5=PB3
Mcu.Pin6=PB7
Mcu.Pin7=PC15-OSC32_OUT
Mcu.Pin8=PB5
Mcu.Pin9=PC3
Mcu.PinsNb=38
Mcu.ThirdPartyNb=0
Mcu.UserConstants=RTC_PREDIV_A,((1<<(15-RTC_N_PREDIV_S))-1);RTC_N_PREDIV_S,10;RTC_PREDIV_S,((1<<RTC_N_PREDIV_S)-1)
Mcu.UserName=STM32WLE5JCIx
MxCube.Version=6.10.0
MxDb.Version=DB.6.0.100
NVIC.BusFault_IRQn=true\:0\:0\:false\:false\:true\:false\:false\:false
NVIC.DMA1_Channel1_IRQn=true\:0\:0\:false\:false\:true\:false\:true\:true
NVIC.DMA1_Channel2_IRQn=true\:0\:0\:false\:false\:true\:false\:true\:true
NVIC.DMA1_Channel3_IRQn=true\:0\:0\:false\:false\:true\:false\:true\:true
NVIC.DebugMonitor_IRQn=true\:0\:0\:false\:false\:true\:false\:false\:false
NVIC.ForceEnableDMAVector=true
NVIC.HardFault_IRQn=true\:0\:0\:false\:false\:true\:false\:false\:false
NVIC.MemoryManagement_IRQn=true\:0\:0\:false\:false\:true\:false\:false\:false
NVIC.NonMaskableInt_IRQn=true\:0\:0\:false\:false\:true\:false\:false\:false
NVIC.PendSV_IRQn=true\:0\:0\:false\:false\:true\:false\:false\:false
NVIC.PriorityGroup=NVIC_PRIORITYGROUP_4
NVIC.RTC_Alarm_IRQn=true\:0\:0\:false\:false\:true\:true\:true\:true
NVIC.SUBGHZ_Radio_IRQn=true\:0\:0\:false\:false\:true\:true\:true\:true
NVIC.SVCall_IRQn=true\:0\:0\:false\:false\:true\:false\:false\:false
NVIC.SysTick_IRQn=true\:15\:0\:false\:false\:true\:false\:true\:false
NVIC.TAMP_STAMP_LSECSS_SSRU_IRQn=true\:0\:0\:false\:false\:true\:true\:true\:true
NVIC.USART1_IRQn=true\:0\:0\:false\:false\:true\:true\:true\:true
NVIC.UsageFault_IRQn=true\:0\:0\:false\:false\:true\:false\:false\:false
OSC_IN.Mode=HSE-TCXO
OSC_IN.Signal=RCC_OSC_IN
PA13.Locked=true
PA13.Mode=Trace_Asynchronous_SW
PA13.Signal=DEBUG_JTMS-SWDIO
PA14.Locked=true
PA14.Mode=Trace_Asynchronous_SW
PA14.Signal=DEBUG_JTCK-SWCLK
PA15.Locked=true
PA15.Mode=I2C
PA15.Signal=I2C2_SDA
PA2.Mode=Asynchronous
PA2.Signal=USART2_TX
PA3.Mode=Asynchronous
PA3.Signal=USART2_RX
PA9.GPIOParameters=GPIO_Label
PA9.GPIO_Label=POWERDOWN
PA9.Locked=true
PA9.Signal=GPIO_Output
PB0-VDD_TCXO.Mode=HSE-TCXO
PB0-VDD_TCXO.Signal=VDDTCXO
PB10.GPIOParameters=GPIO_Label
PB10.GPIO_Label=ESP32_EN
PB10.Locked=true
PB10.Signal=GPIO_Output
PB13.GPIOParameters=GPIO_Label
PB13.GPIO_Label=VCC
PB13.Locked=true
PB13.Mode=IN0
PB13.Signal=ADC_IN0
PB15.Locked=true
PB15.Mode=I2C
PB15.Signal=I2C2_SCL
PB3.Mode=Trace_Asynchronous_SW
PB3.Signal=DEBUG_JTDO-SWO
PB5.GPIOParameters=PinState,GPIO_Label
PB5.GPIO_Label=USER_LED
PB5.Locked=true
PB5.PinState=GPIO_PIN_SET
PB5.Signal=GPIO_Output
PB6.Mode=Asynchronous
PB6.Signal=USART1_TX
PB7.Mode=Asynchronous
PB7.Signal=USART1_RX
PC0.GPIOParameters=GPIO_Label
PC0.GPIO_Label=ADC_DRDY
PC0.Locked=true
PC0.Signal=GPIO_Input
PC1.GPIOParameters=GPIO_Label
PC1.GPIO_Label=SDI-12 MUX
PC1.Locked=true
PC1.Signal=GPIO_Output
PC14-OSC32_IN.Mode=LSE-External-Oscillator
PC14-OSC32_IN.Signal=RCC_OSC32_IN
PC15-OSC32_OUT.Mode=LSE-External-Oscillator
PC15-OSC32_OUT.Signal=RCC_OSC32_OUT
PC3.GPIOParameters=GPIO_Label
PC3.GPIO_Label=RF_CTRL3
PC3.Locked=true
PC3.Signal=GPIO_Output
PC4.GPIOParameters=GPIO_Label
PC4.GPIO_Label=RF_CTRL1
PC4.Locked=true
PC4.Signal=GPIO_Output
PC5.GPIOParameters=GPIO_Label
PC5.GPIO_Label=RF_CTRL2
PC5.Locked=true
PC5.Signal=GPIO_Output
PCC.Checker=true
PCC.Line=STM32WLEx
PCC.MCU=STM32WLE5JCIx
PCC.PartNumber=STM32WLE5JCIx
PCC.SUBGHZ.FrequencyBand=High
PCC.SUBGHZ.Modulation=FSK
PCC.SUBGHZ.OptionalSettings=false
PCC.SUBGHZ.Output.Power=14
PCC.SUBGHZ.PowerAmplifier=Low Power
PCC.SUBGHZ.RxBoosted=false
PCC.SUBGHZ.SMPS=Off
PCC.Seq0=5
PCC.Seq0.Step0.Average_Current=425 \u00B5A
PCC.Seq0.Step0.CPU_Frequency=2 MHz
PCC.Seq0.Step0.Category=In DS Table
PCC.Seq0.Step0.DMIPS=2.5
PCC.Seq0.Step0.Duration=1 ms
PCC.Seq0.Step0.Frequency=2 MHz
PCC.Seq0.Step0.Memory=FLASH
PCC.Seq0.Step0.Mode=WU_FROM_STOP2
PCC.Seq0.Step0.Oscillator=MSI
PCC.Seq0.Step0.Peripherals=
PCC.Seq0.Step0.TaMax=124.96
PCC.Seq0.Step0.User's_Consumption=0 mA
PCC.Seq0.Step0.Vcore=Range1-Medium/SMPS-OFF
PCC.Seq0.Step0.Vdd=3.0
PCC.Seq0.Step0.Voltage_Source=Battery
PCC.Seq0.Step1.Average_Current=2.43 mA
PCC.Seq0.Step1.CPU_Frequency=16 MHz
PCC.Seq0.Step1.Category=In DS Table
PCC.Seq0.Step1.DMIPS=20.0
PCC.Seq0.Step1.Duration=10 ms
PCC.Seq0.Step1.Frequency=16 MHz
PCC.Seq0.Step1.Memory=FLASH
PCC.Seq0.Step1.Mode=RUN
PCC.Seq0.Step1.Oscillator=MSI
PCC.Seq0.Step1.Peripherals=ADC\:fs_10_Ksps GPIOA GPIOB GPIOC I2C2 TIM1 USART1 USART2
PCC.Seq0.Step1.TaMax=124.77
PCC.Seq0.Step1.User's_Consumption=0 mA
PCC.Seq0.Step1.Vcore=Range1-Medium/SMPS-OFF
PCC.Seq0.Step1.Vdd=3.0
PCC.Seq0.Step1.Voltage_Source=Battery
PCC.Seq0.Step2.Average_Current=46.93 mA
PCC.Seq0.Step2.CPU_Frequency=16 MHz
PCC.Seq0.Step2.Category=In DS Table
PCC.Seq0.Step2.DMIPS=20.0
PCC.Seq0.Step2.Duration=1 s
PCC.Seq0.Step2.Frequency=16 MHz
PCC.Seq0.Step2.Memory=FLASH
PCC.Seq0.Step2.Mode=RUN
PCC.Seq0.Step2.Oscillator=MSI
PCC.Seq0.Step2.Peripherals=ADC\:fs_10_Ksps GPIOA GPIOB GPIOC I2C2 SUBGHZ\:Tx TIM1 USART1 USART2
PCC.Seq0.Step2.TaMax=120.64
PCC.Seq0.Step2.User's_Consumption=0 mA
PCC.Seq0.Step2.Vcore=Range1-Medium/SMPS-OFF
PCC.Seq0.Step2.Vdd=3.0
PCC.Seq0.Step2.Voltage_Source=Battery
PCC.Seq0.Step3.Average_Current=10.63 mA
PCC.Seq0.Step3.CPU_Frequency=16 MHz
PCC.Seq0.Step3.Category=In DS Table
PCC.Seq0.Step3.DMIPS=20.0
PCC.Seq0.Step3.Duration=9 s
PCC.Seq0.Step3.Frequency=16 MHz
PCC.Seq0.Step3.Memory=FLASH
PCC.Seq0.Step3.Mode=RUN
PCC.Seq0.Step3.Oscillator=MSI
PCC.Seq0.Step3.Peripherals=ADC\:fs_10_Ksps GPIOA GPIOB GPIOC I2C2 SUBGHZ\:Rx TIM1 USART1 USART2
PCC.Seq0.Step3.TaMax=124.01
PCC.Seq0.Step3.User's_Consumption=0 mA
PCC.Seq0.Step3.Vcore=Range1-Medium/SMPS-OFF
PCC.Seq0.Step3.Vdd=3.0
PCC.Seq0.Step3.Voltage_Source=Battery
PCC.Seq0.Step4.Average_Current=1.05 \u00B5A
PCC.Seq0.Step4.CPU_Frequency=0 Hz
PCC.Seq0.Step4.Category=In DS Table
PCC.Seq0.Step4.DMIPS=0.0
PCC.Seq0.Step4.Duration=30 s
PCC.Seq0.Step4.Frequency=32.768 kHz
PCC.Seq0.Step4.Memory=NA
PCC.Seq0.Step4.Mode=STOP2
PCC.Seq0.Step4.Oscillator=LSE LowDrive RTC
PCC.Seq0.Step4.Peripherals=RTC*
PCC.Seq0.Step4.TaMax=125
PCC.Seq0.Step4.User's_Consumption=0 mA
PCC.Seq0.Step4.Vcore=NoRange
PCC.Seq0.Step4.Vdd=3.0
PCC.Seq0.Step4.Voltage_Source=Battery
PCC.Series=STM32WL
PCC.Temperature=25
PCC.Vdd=3.0
PinOutPanel.CurrentBGAView=Top
PinOutPanel.RotationAngle=0
ProjectManager.AskForMigrate=true
ProjectManager.BackupPrevious=false
ProjectManager.CompilerOptimize=6
ProjectManager.ComputerToolchain=false
ProjectManager.CoupleFile=true
ProjectManager.CustomerFirmwarePackage=
ProjectManager.DefaultFWLocation=true
ProjectManager.DeletePrevious=true
ProjectManager.DeviceId=STM32WLE5JCIx
ProjectManager.FirmwarePackage=STM32Cube FW_WL V1.3.1
ProjectManager.FreePins=true
ProjectManager.HalAssertFull=true
ProjectManager.HeapSize=0x200
ProjectManager.KeepUserCode=true
ProjectManager.LastFirmware=true
ProjectManager.LibraryCopy=1
ProjectManager.MainLocation=Core/Src
ProjectManager.NoMain=true
ProjectManager.PreviousToolchain=
ProjectManager.ProjectBuild=false
ProjectManager.ProjectFileName=stm32.ioc
ProjectManager.ProjectName=stm32
ProjectManager.ProjectStructure=
ProjectManager.RegisterCallBack=
ProjectManager.StackSize=0x400
ProjectManager.TargetToolchain=STM32CubeIDE
ProjectManager.ToolChainLocation=
ProjectManager.UAScriptAfterPath=
ProjectManager.UAScriptBeforePath=
ProjectManager.UnderRoot=true
ProjectManager.functionlistsort=1-SystemClock_Config-RCC-false-HAL-false,2-MX_GPIO_Init-GPIO-false-HAL-true,3-MX_DMA_Init-DMA-false-HAL-true,4-MX_ADC_Init-ADC-false-HAL-true,5-MX_I2C2_Init-I2C2-false-HAL-true,6-MX_RTC_Init-RTC-false-HAL-true,7-MX_SUBGHZ_Init-SUBGHZ-true-HAL-false,8-MX_TIM1_Init-TIM1-false-HAL-true,9-MX_USART1_UART_Init-USART1-false-HAL-true,10-MX_USART2_UART_Init-USART2-false-HAL-true,11-MX_LoRaWAN_Init-LORAWAN-false-HAL-false
RCC.FamilyName=M
RCC.HSE_VALUE=8000000
RCC.HSI_VALUE=16000000
RCC.I2S2Freq_Value=16000000
RCC.IPParameters=FamilyName,HSE_VALUE,HSI_VALUE,I2S2Freq_Value,LSCOPinFreq_Value,LSE_VALUE,PLLPoutputFreq_Value,PLLQoutputFreq_Value,PLLRCLKFreq_Value,RNGFreq_Value,RTCClockSelection,RTCFreq_Value,VCOInputFreq_Value,VCOOutputFreq_Value
RCC.LSCOPinFreq_Value=32000
RCC.LSE_VALUE=32768
RCC.PLLPoutputFreq_Value=16000000
RCC.PLLQoutputFreq_Value=16000000
RCC.PLLRCLKFreq_Value=16000000
RCC.RNGFreq_Value=32000
RCC.RTCClockSelection=RCC_RTCCLKSOURCE_LSE
RCC.RTCFreq_Value=32768
RCC.VCOInputFreq_Value=4000000
RCC.VCOOutputFreq_Value=32000000
RTC.Alarm-Alarm\ A=RTC_ALARM_A
RTC.AsynchPrediv=RTC_PREDIV_A
RTC.BinMode=RTC_BINARY_ONLY
RTC.BinaryAutoClr_A-Alarm\ A=RTC_ALARMSUBSECONDBIN_AUTOCLR_NO
RTC.IPParameters=Alarm-Alarm A,BinMode,BinaryAutoClr_A-Alarm A,AsynchPrediv
TIM1.Channel-Output\ Compare1\ No\ Output=TIM_CHANNEL_1
TIM1.IPParameters=Channel-Output Compare1 No Output
USART1.IPParameters=VirtualMode-Asynchronous
USART1.VirtualMode-Asynchronous=VM_ASYNC
USART2.BaudRate=1200
USART2.DMADisableonRxErrorParam=ADVFEATURE_DMA_DISABLEONRXERROR
USART2.FIFOMode=FIFOMODE_ENABLE
USART2.IPParameters=VirtualMode-Asynchronous,BaudRate,FIFOMode,StopBits,OverrunDisableParam,DMADisableonRxErrorParam,Parity
USART2.OverrunDisableParam=ADVFEATURE_OVERRUN_DISABLE
USART2.Parity=PARITY_EVEN
USART2.StopBits=STOPBITS_2
USART2.VirtualMode-Asynchronous=VM_ASYNC
VP_ADC_TempSens_Input.Mode=IN-TempSens
VP_ADC_TempSens_Input.Signal=ADC_TempSens_Input
VP_ADC_Vref_Input.Mode=IN-Vrefint
VP_ADC_Vref_Input.Signal=ADC_Vref_Input
VP_ADV_TRACE_VS_ADV_TRACE.Mode=ADV_TRACE_Enabled
VP_ADV_TRACE_VS_ADV_TRACE.Signal=ADV_TRACE_VS_ADV_TRACE
VP_LORAWAN_VS_LoRaWAN.Mode=LoRaWAN_Enabled
VP_LORAWAN_VS_LoRaWAN.Signal=LORAWAN_VS_LoRaWAN
VP_MISC_VS_MISC.Mode=MISC_Enabled
VP_MISC_VS_MISC.Signal=MISC_VS_MISC
VP_RTC_VS_RTC_Activate.Mode=RTC_Enabled
VP_RTC_VS_RTC_Activate.Signal=RTC_VS_RTC_Activate
VP_RTC_VS_RTC_Alarm_A_Intern.Mode=Alarm A
VP_RTC_VS_RTC_Alarm_A_Intern.Signal=RTC_VS_RTC_Alarm_A_Intern
VP_RTC_VS_RTC_Calendar.Mode=RTC_Calendar
VP_RTC_VS_RTC_Calendar.Signal=RTC_VS_RTC_Calendar
VP_SEQUENCER_VS_SEQUENCER.Mode=SEQUENCER_Enabled
VP_SEQUENCER_VS_SEQUENCER.Signal=SEQUENCER_VS_SEQUENCER
VP_SUBGHZ_VS_SUBGHZ.Mode=SUBGHZ_Activate
VP_SUBGHZ_VS_SUBGHZ.Signal=SUBGHZ_VS_SUBGHZ
VP_SYS_VS_Systick.Mode=SysTick
VP_SYS_VS_Systick.Signal=SYS_VS_Systick
VP_TIM1_VS_ClockSourceINT.Mode=Internal
VP_TIM1_VS_ClockSourceINT.Signal=TIM1_VS_ClockSourceINT
VP_TIM1_VS_OPM.Mode=OPM_bit
VP_TIM1_VS_OPM.Signal=TIM1_VS_OPM
VP_TIM1_VS_no_output1.Mode=Output Compare1 No Output
VP_TIM1_VS_no_output1.Signal=TIM1_VS_no_output1
VP_TIMER_VS_TIMER.Mode=TIMER_Enabled
VP_TIMER_VS_TIMER.Signal=TIMER_VS_TIMER
VP_TINY_LPM_VS_TINY_LPM.Mode=TINY_LPM_Enabled
VP_TINY_LPM_VS_TINY_LPM.Signal=TINY_LPM_VS_TINY_LPM
board=custom
